
Microsoft Visual Studio Solution File, Format Version 12.00
# Visual Studio Version 16
VisualStudioVersion = 16.0.32413.511
MinimumVisualStudioVersion = 10.0.40219.1
Project("{FAE04EC0-301F-11D3-BF4B-00C04F79EFBC}") = "WindowsFormsApp1", "WindowsFormsApp1.csproj", "{B38BD364-67B1-4D29-A3AD-BE4787063144}"
EndProject
Global
	GlobalSection(SolutionConfigurationPlatforms) = preSolution
		Debug|Any CPU = Debug|Any CPU
		Release|Any CPU = Release|Any CPU
	EndGlobalSection
	GlobalSection(ProjectConfigurationPlatforms) = postSolution
		{B38BD364-67B1-4D29-A3AD-BE4787063144}.Debug|Any CPU.ActiveCfg = Debug|Any CPU
		{B38BD364-67B1-4D29-A3AD-BE4787063144}.Debug|Any CPU.Build.0 = Debug|Any CPU
		{B38BD364-67B1-4D29-A3AD-BE4787063144}.Release|Any CPU.ActiveCfg = Release|Any CPU
		{B38BD364-67B1-4D29-A3AD-BE4787063144}.Release|Any CPU.Build.0 = Release|Any CPU
	EndGlobalSection
	GlobalSection(SolutionProperties) = preSolution
		HideSolutionNode = FALSE
	EndGlobalSection
	GlobalSection(ExtensibilityGlobals) = postSolution
		SolutionGuid = {962CE815-4ED4-4543-ADB2-CF15C40CDB58}
	EndGlobalSection
EndGlobal
